# This file was autogenerated by Stack.
# You should not edit this file by hand.
# For more information, please see the documentation at:
#   https://docs.haskellstack.org/en/stable/lock_files

packages:
- completed:
    name: everyday-app-hs
    version: 0.1.0.0
    git: https://github.com/msrdic/everyday-app-hs
    pantry-tree:
      size: 427
      sha256: 8b2fc71b47f819885e0ae6f46b1a0963240596ee1aaeccbe1918dd6b60998b8b
    commit: 91770c1ab67f62088aa2cb427d6c41ddbaa96edc
  original:
    git: https://github.com/msrdic/everyday-app-hs
    commit: 91770c1ab67f62088aa2cb427d6c41ddbaa96edc
snapshots:
- completed:
    size: 532832
    url: https://raw.githubusercontent.com/commercialhaskell/stackage-snapshots/master/lts/16/23.yaml
    sha256: fbb2a0519008533924c7753bd7164ddd1009f09504eb06674acad6049b46db09
  original:
    url: https://raw.githubusercontent.com/commercialhaskell/stackage-snapshots/master/lts/16/23.yaml
