# This file was autogenerated by Stack.
# You should not edit this file by hand.
# For more information, please see the documentation at:
#   https://docs.haskellstack.org/en/stable/lock_files

packages:
- completed:
    name: everyday-app-hs
    version: 0.1.0.0
    git: https://github.com/msrdic/everyday-app-hs
    pantry-tree:
      size: 427
      sha256: 9635e1703205a48fd57e3a298d43142429d1d476a12ae0d1d0ac432be2287c7c
    commit: 1ac303162f5b1fdcc753e1e43016e309bdc507bf
  original:
    git: https://github.com/msrdic/everyday-app-hs
    commit: 1ac303162f5b1fdcc753e1e43016e309bdc507bf
snapshots:
- completed:
    size: 532832
    url: https://raw.githubusercontent.com/commercialhaskell/stackage-snapshots/master/lts/16/23.yaml
    sha256: fbb2a0519008533924c7753bd7164ddd1009f09504eb06674acad6049b46db09
  original:
    url: https://raw.githubusercontent.com/commercialhaskell/stackage-snapshots/master/lts/16/23.yaml
