# This file was autogenerated by Stack.
# You should not edit this file by hand.
# For more information, please see the documentation at:
#   https://docs.haskellstack.org/en/stable/lock_files

packages:
- completed:
    name: everyday-app-hs
    version: 0.1.0.0
    git: https://github.com/msrdic/everyday-app-hs
    pantry-tree:
      size: 427
      sha256: 8c0bf6194e231754e68e2a1f559d96fe53baf7c09684b51ef740edb09d7e4b9a
    commit: b240beb30dc7350d7dc43163df86a7b47daf338a
  original:
    git: https://github.com/msrdic/everyday-app-hs
    commit: b240beb30dc7350d7dc43163df86a7b47daf338a
snapshots:
- completed:
    size: 532832
    url: https://raw.githubusercontent.com/commercialhaskell/stackage-snapshots/master/lts/16/23.yaml
    sha256: fbb2a0519008533924c7753bd7164ddd1009f09504eb06674acad6049b46db09
  original:
    url: https://raw.githubusercontent.com/commercialhaskell/stackage-snapshots/master/lts/16/23.yaml
